
Microsoft Visual Studio Solution File, Format Version 12.00
# Visual Studio 15
Project("{FAE04EC0-301F-11D3-BF4B-00C04F79EFBC}") = "GPS Multiplayer", "GPS Multiplayer.csproj", "{FA64AA3F-283A-0D46-C997-F0C19C3E73ED}"
EndProject
Project("{FAE04EC0-301F-11D3-BF4B-00C04F79EFBC}") = "GPS Multiplayer.Editor", "GPS Multiplayer.Editor.csproj", "{32077B91-1AAA-235B-7526-224A86A79058}"
EndProject
Global
	GlobalSection(SolutionConfigurationPlatforms) = preSolution
		Debug|Any CPU = Debug|Any CPU
		Release|Any CPU = Release|Any CPU
	EndGlobalSection
	GlobalSection(ProjectConfigurationPlatforms) = postSolution
		{FA64AA3F-283A-0D46-C997-F0C19C3E73ED}.Debug|Any CPU.ActiveCfg = Debug|Any CPU
		{FA64AA3F-283A-0D46-C997-F0C19C3E73ED}.Debug|Any CPU.Build.0 = Debug|Any CPU
		{FA64AA3F-283A-0D46-C997-F0C19C3E73ED}.Release|Any CPU.ActiveCfg = Release|Any CPU
		{FA64AA3F-283A-0D46-C997-F0C19C3E73ED}.Release|Any CPU.Build.0 = Release|Any CPU
		{32077B91-1AAA-235B-7526-224A86A79058}.Debug|Any CPU.ActiveCfg = Debug|Any CPU
		{32077B91-1AAA-235B-7526-224A86A79058}.Debug|Any CPU.Build.0 = Debug|Any CPU
		{32077B91-1AAA-235B-7526-224A86A79058}.Release|Any CPU.ActiveCfg = Release|Any CPU
		{32077B91-1AAA-235B-7526-224A86A79058}.Release|Any CPU.Build.0 = Release|Any CPU
	EndGlobalSection
	GlobalSection(SolutionProperties) = preSolution
		HideSolutionNode = FALSE
	EndGlobalSection
EndGlobal
